
Microsoft Visual Studio Solution File, Format Version 12.00
# Visual Studio 15
VisualStudioVersion = 15.0.28307.572
MinimumVisualStudioVersion = 10.0.40219.1
Project("{8BC9CEB8-8B4A-11D0-8D11-00A0C91BC942}") = "SimpleGTestWithMainFunDeclare", "SimpleGTestWithMainFunDeclare\SimpleGTestWithMainFunDeclare.vcxproj", "{D694181D-2420-4BB2-83B1-D14CDF2E7324}"
EndProject
Project("{8BC9CEB8-8B4A-11D0-8D11-00A0C91BC942}") = "SimpleGtestWithoutMainFuncDeclare", "SimpleGtestWithoutMainFuncDeclare\SimpleGtestWithoutMainFuncDeclare.vcxproj", "{FCF99AD4-17FA-41EA-9DF7-612F4DBC74A8}"
EndProject
Project("{8BC9CEB8-8B4A-11D0-8D11-00A0C91BC942}") = "SimpleGMockUsageWithMainDeclare", "SimpleGMockUsageWithMainDeclare\SimpleGMockUsageWithMainDeclare.vcxproj", "{EF80C118-44A2-498E-B743-0FBC1C3EF101}"
EndProject
Global
	GlobalSection(SolutionConfigurationPlatforms) = preSolution
		Debug|x64 = Debug|x64
		Debug|x86 = Debug|x86
		Release|x64 = Release|x64
		Release|x86 = Release|x86
	EndGlobalSection
	GlobalSection(ProjectConfigurationPlatforms) = postSolution
		{D694181D-2420-4BB2-83B1-D14CDF2E7324}.Debug|x64.ActiveCfg = Debug|x64
		{D694181D-2420-4BB2-83B1-D14CDF2E7324}.Debug|x64.Build.0 = Debug|x64
		{D694181D-2420-4BB2-83B1-D14CDF2E7324}.Debug|x86.ActiveCfg = Debug|Win32
		{D694181D-2420-4BB2-83B1-D14CDF2E7324}.Debug|x86.Build.0 = Debug|Win32
		{D694181D-2420-4BB2-83B1-D14CDF2E7324}.Release|x64.ActiveCfg = Release|x64
		{D694181D-2420-4BB2-83B1-D14CDF2E7324}.Release|x64.Build.0 = Release|x64
		{D694181D-2420-4BB2-83B1-D14CDF2E7324}.Release|x86.ActiveCfg = Release|Win32
		{D694181D-2420-4BB2-83B1-D14CDF2E7324}.Release|x86.Build.0 = Release|Win32
		{FCF99AD4-17FA-41EA-9DF7-612F4DBC74A8}.Debug|x64.ActiveCfg = Debug|x64
		{FCF99AD4-17FA-41EA-9DF7-612F4DBC74A8}.Debug|x64.Build.0 = Debug|x64
		{FCF99AD4-17FA-41EA-9DF7-612F4DBC74A8}.Debug|x86.ActiveCfg = Debug|Win32
		{FCF99AD4-17FA-41EA-9DF7-612F4DBC74A8}.Debug|x86.Build.0 = Debug|Win32
		{FCF99AD4-17FA-41EA-9DF7-612F4DBC74A8}.Release|x64.ActiveCfg = Release|x64
		{FCF99AD4-17FA-41EA-9DF7-612F4DBC74A8}.Release|x64.Build.0 = Release|x64
		{FCF99AD4-17FA-41EA-9DF7-612F4DBC74A8}.Release|x86.ActiveCfg = Release|Win32
		{FCF99AD4-17FA-41EA-9DF7-612F4DBC74A8}.Release|x86.Build.0 = Release|Win32
		{EF80C118-44A2-498E-B743-0FBC1C3EF101}.Debug|x64.ActiveCfg = Debug|x64
		{EF80C118-44A2-498E-B743-0FBC1C3EF101}.Debug|x64.Build.0 = Debug|x64
		{EF80C118-44A2-498E-B743-0FBC1C3EF101}.Debug|x86.ActiveCfg = Debug|Win32
		{EF80C118-44A2-498E-B743-0FBC1C3EF101}.Debug|x86.Build.0 = Debug|Win32
		{EF80C118-44A2-498E-B743-0FBC1C3EF101}.Release|x64.ActiveCfg = Release|x64
		{EF80C118-44A2-498E-B743-0FBC1C3EF101}.Release|x64.Build.0 = Release|x64
		{EF80C118-44A2-498E-B743-0FBC1C3EF101}.Release|x86.ActiveCfg = Release|Win32
		{EF80C118-44A2-498E-B743-0FBC1C3EF101}.Release|x86.Build.0 = Release|Win32
	EndGlobalSection
	GlobalSection(SolutionProperties) = preSolution
		HideSolutionNode = FALSE
	EndGlobalSection
	GlobalSection(ExtensibilityGlobals) = postSolution
		SolutionGuid = {083F2766-1F17-42AE-BF5C-BBBFD6E7D17B}
	EndGlobalSection
EndGlobal
